
Microsoft Visual Studio Solution File, Format Version 12.00
# Visual Studio Version 17
VisualStudioVersion = 17.7.34024.191
MinimumVisualStudioVersion = 10.0.40219.1
Project("{FAE04EC0-301F-11D3-BF4B-00C04F79EFBC}") = "JwtAuthAspNet7", "JwtAuthAspNet7.csproj", "{17CBE2A6-1ED4-4E8F-BCBF-FC0CE4779061}"
EndProject
Global
	GlobalSection(SolutionConfigurationPlatforms) = preSolution
		Debug|Any CPU = Debug|Any CPU
		Release|Any CPU = Release|Any CPU
	EndGlobalSection
	GlobalSection(ProjectConfigurationPlatforms) = postSolution
		{17CBE2A6-1ED4-4E8F-BCBF-FC0CE4779061}.Debug|Any CPU.ActiveCfg = Debug|Any CPU
		{17CBE2A6-1ED4-4E8F-BCBF-FC0CE4779061}.Debug|Any CPU.Build.0 = Debug|Any CPU
		{17CBE2A6-1ED4-4E8F-BCBF-FC0CE4779061}.Release|Any CPU.ActiveCfg = Release|Any CPU
		{17CBE2A6-1ED4-4E8F-BCBF-FC0CE4779061}.Release|Any CPU.Build.0 = Release|Any CPU
	EndGlobalSection
	GlobalSection(SolutionProperties) = preSolution
		HideSolutionNode = FALSE
	EndGlobalSection
	GlobalSection(ExtensibilityGlobals) = postSolution
		SolutionGuid = {98DE6B35-A162-4628-8B27-4DD04E7ED66F}
	EndGlobalSection
EndGlobal
